
Microsoft Visual Studio Solution File, Format Version 12.00
# Visual Studio Version 17
VisualStudioVersion = 17.8.34330.188
MinimumVisualStudioVersion = 10.0.40219.1
Project("{FAE04EC0-301F-11D3-BF4B-00C04F79EFBC}") = "Web.API", "Web.API\Web.API.csproj", "{2F1C01BD-5C24-4610-AB50-692D0B55B251}"
EndProject
Project("{FAE04EC0-301F-11D3-BF4B-00C04F79EFBC}") = "Infrastructure", "Infrastructure\Infrastructure.csproj", "{A3220848-B77D-4C11-AC66-C1A97FA47DC2}"
EndProject
Project("{FAE04EC0-301F-11D3-BF4B-00C04F79EFBC}") = "Domain", "Domain\Domain.csproj", "{07B194B2-90F4-49A9-AD22-4403C0CF6F95}"
EndProject
Project("{FAE04EC0-301F-11D3-BF4B-00C04F79EFBC}") = "Application", "Application\Application.csproj", "{BD76299E-8186-4D55-A37F-A372431A6E91}"
EndProject
Global
	GlobalSection(SolutionConfigurationPlatforms) = preSolution
		Debug|Any CPU = Debug|Any CPU
		Release|Any CPU = Release|Any CPU
	EndGlobalSection
	GlobalSection(ProjectConfigurationPlatforms) = postSolution
		{2F1C01BD-5C24-4610-AB50-692D0B55B251}.Debug|Any CPU.ActiveCfg = Debug|Any CPU
		{2F1C01BD-5C24-4610-AB50-692D0B55B251}.Debug|Any CPU.Build.0 = Debug|Any CPU
		{2F1C01BD-5C24-4610-AB50-692D0B55B251}.Release|Any CPU.ActiveCfg = Release|Any CPU
		{2F1C01BD-5C24-4610-AB50-692D0B55B251}.Release|Any CPU.Build.0 = Release|Any CPU
		{A3220848-B77D-4C11-AC66-C1A97FA47DC2}.Debug|Any CPU.ActiveCfg = Debug|Any CPU
		{A3220848-B77D-4C11-AC66-C1A97FA47DC2}.Debug|Any CPU.Build.0 = Debug|Any CPU
		{A3220848-B77D-4C11-AC66-C1A97FA47DC2}.Release|Any CPU.ActiveCfg = Release|Any CPU
		{A3220848-B77D-4C11-AC66-C1A97FA47DC2}.Release|Any CPU.Build.0 = Release|Any CPU
		{07B194B2-90F4-49A9-AD22-4403C0CF6F95}.Debug|Any CPU.ActiveCfg = Debug|Any CPU
		{07B194B2-90F4-49A9-AD22-4403C0CF6F95}.Debug|Any CPU.Build.0 = Debug|Any CPU
		{07B194B2-90F4-49A9-AD22-4403C0CF6F95}.Release|Any CPU.ActiveCfg = Release|Any CPU
		{07B194B2-90F4-49A9-AD22-4403C0CF6F95}.Release|Any CPU.Build.0 = Release|Any CPU
		{BD76299E-8186-4D55-A37F-A372431A6E91}.Debug|Any CPU.ActiveCfg = Debug|Any CPU
		{BD76299E-8186-4D55-A37F-A372431A6E91}.Debug|Any CPU.Build.0 = Debug|Any CPU
		{BD76299E-8186-4D55-A37F-A372431A6E91}.Release|Any CPU.ActiveCfg = Release|Any CPU
		{BD76299E-8186-4D55-A37F-A372431A6E91}.Release|Any CPU.Build.0 = Release|Any CPU
	EndGlobalSection
	GlobalSection(SolutionProperties) = preSolution
		HideSolutionNode = FALSE
	EndGlobalSection
	GlobalSection(ExtensibilityGlobals) = postSolution
		SolutionGuid = {17DCC6D3-5AAA-4B17-9C43-FCC5A8B21B14}
	EndGlobalSection
EndGlobal
